{
  "nodes": {
    "arducopter-bebop": {
      "flake": false,
      "locked": {
        "lastModified": 1695590313,
        "narHash": "sha256-IwVNSGUunnDYZFo0D6kl+ibLfi9nUkUoaRP0SWTkNFg=",
        "ref": "refs/heads/parrot-bebop",
        "rev": "f498c0abc2468495c022085c79e461d75a5e2f9d",
        "revCount": 57284,
        "submodules": true,
        "type": "git",
        "url": "https://github.com/lopsided98/ardupilot"
      },
      "original": {
        "ref": "refs/heads/parrot-bebop",
        "submodules": true,
        "type": "git",
        "url": "https://github.com/lopsided98/ardupilot"
      }
    },
    "arducopter-beta": {
      "flake": false,
      "locked": {
        "lastModified": 1711089379,
        "narHash": "sha256-gz0T54DIafBM62kKPXWH+fVvALn6ge79OS1pUDtBDMA=",
        "ref": "refs/tags/ArduCopter-beta",
        "rev": "367d9989c1e6ba2fe558b9c4d42a6234df7abc5e",
        "revCount": 61992,
        "submodules": true,
        "type": "git",
        "url": "https://github.com/ArduPilot/ardupilot"
      },
      "original": {
        "ref": "refs/tags/ArduCopter-beta",
        "submodules": true,
        "type": "git",
        "url": "https://github.com/ArduPilot/ardupilot"
      }
    },
    "arducopter-stable": {
      "flake": false,
      "locked": {
        "lastModified": 1702948850,
        "narHash": "sha256-LxhBz/iosEgYWAY9YcbKC/Y8+aWuF+IgGECpnzL1pJ8=",
        "ref": "refs/tags/ArduCopter-stable",
        "rev": "db53a28f321dc8233ee49d3cc6b395b5835c768b",
        "revCount": 57483,
        "submodules": true,
        "type": "git",
        "url": "https://github.com/ArduPilot/ardupilot"
      },
      "original": {
        "ref": "refs/tags/ArduCopter-stable",
        "submodules": true,
        "type": "git",
        "url": "https://github.com/ArduPilot/ardupilot"
      }
    },
    "arduplane-beta": {
      "flake": false,
      "locked": {
        "lastModified": 1711088733,
        "narHash": "sha256-gz0T54DIafBM62kKPXWH+fVvALn6ge79OS1pUDtBDMA=",
        "ref": "refs/tags/ArduPlane-beta",
        "rev": "8f185c5ec80b39d61879a292e6b21448cf532a5f",
        "revCount": 61992,
        "submodules": true,
        "type": "git",
        "url": "https://github.com/ArduPilot/ardupilot"
      },
      "original": {
        "ref": "refs/tags/ArduPlane-beta",
        "submodules": true,
        "type": "git",
        "url": "https://github.com/ArduPilot/ardupilot"
      }
    },
    "arduplane-masters-thesis": {
      "flake": false,
      "locked": {
        "lastModified": 1689042098,
        "narHash": "sha256-396bwTk9v828fWpxUxNuqRDieQIMEN5sE3D9lSdc2Vo=",
        "ref": "refs/heads/masters-thesis",
        "rev": "70a2891a77bbf55302fcb49412caad15bcf4acf6",
        "revCount": 55180,
        "submodules": true,
        "type": "git",
        "url": "https://github.com/lopsided98/ardupilot"
      },
      "original": {
        "ref": "refs/heads/masters-thesis",
        "submodules": true,
        "type": "git",
        "url": "https://github.com/lopsided98/ardupilot"
      }
    },
    "arduplane-stable": {
      "flake": false,
      "locked": {
        "lastModified": 1702958787,
        "narHash": "sha256-I/xkiZ8YsaL2qrh3Ixf/VfmCs0hkWkzknKTNYNELsS4=",
        "ref": "refs/tags/ArduPlane-stable",
        "rev": "16b783822905668b160b0eb1ef5599ce0d3a0231",
        "revCount": 57485,
        "submodules": true,
        "type": "git",
        "url": "https://github.com/ArduPilot/ardupilot"
      },
      "original": {
        "ref": "refs/tags/ArduPlane-stable",
        "submodules": true,
        "type": "git",
        "url": "https://github.com/ArduPilot/ardupilot"
      }
    },
    "flake-utils": {
      "inputs": {
        "systems": "systems"
      },
      "locked": {
        "lastModified": 1710146030,
        "narHash": "sha256-SZ5L6eA7HJ/nmkzGG7/ISclqe6oZdOZTNoesiInkXPQ=",
        "owner": "numtide",
        "repo": "flake-utils",
        "rev": "b1d9ab70662946ef0850d488da1c9019f3a9752a",
        "type": "github"
      },
      "original": {
        "owner": "numtide",
        "repo": "flake-utils",
        "type": "github"
      }
    },
    "nixpkgs": {
      "locked": {
        "lastModified": 1711370797,
        "narHash": "sha256-2xu0jVSjuKhN97dqc4bVtvEH52Rwh6+uyI1XCnzoUyI=",
        "owner": "NixOS",
        "repo": "nixpkgs",
        "rev": "c726225724e681b3626acc941c6f95d2b0602087",
        "type": "github"
      },
      "original": {
        "owner": "NixOS",
        "ref": "nixpkgs-unstable",
        "repo": "nixpkgs",
        "type": "github"
      }
    },
    "root": {
      "inputs": {
        "arducopter-bebop": "arducopter-bebop",
        "arducopter-beta": "arducopter-beta",
        "arducopter-stable": "arducopter-stable",
        "arduplane-beta": "arduplane-beta",
        "arduplane-masters-thesis": "arduplane-masters-thesis",
        "arduplane-stable": "arduplane-stable",
        "flake-utils": "flake-utils",
        "nixpkgs": "nixpkgs"
      }
    },
    "systems": {
      "locked": {
        "lastModified": 1681028828,
        "narHash": "sha256-Vy1rq5AaRuLzOxct8nz4T6wlgyUR7zLU309k9mBC768=",
        "owner": "nix-systems",
        "repo": "default",
        "rev": "da67096a3b9bf56a91d16901293e51ba5b49a27e",
        "type": "github"
      },
      "original": {
        "owner": "nix-systems",
        "repo": "default",
        "type": "github"
      }
    }
  },
  "root": "root",
  "version": 7
}
