{
  "nodes": {
    "arducopter-bebop": {
      "flake": false,
      "locked": {
        "lastModified": 1695590313,
        "narHash": "sha256-LP8tMPr+dBLIwbjBnrSk23kpWlYLTczx3wi4NU6rhvk=",
        "ref": "refs/heads/parrot-bebop",
        "rev": "f498c0abc2468495c022085c79e461d75a5e2f9d",
        "revCount": 57284,
        "submodules": true,
        "type": "git",
        "url": "https://github.com/lopsided98/ardupilot"
      },
      "original": {
        "ref": "refs/heads/parrot-bebop",
        "submodules": true,
        "type": "git",
        "url": "https://github.com/lopsided98/ardupilot"
      }
    },
    "arducopter-beta": {
      "flake": false,
      "locked": {
        "lastModified": 1699927884,
        "narHash": "sha256-fjX1oh0jGFauTmzuUe5iuSuK+06wsjFQYl8t0hTLNbY=",
        "ref": "refs/tags/ArduCopter-beta",
        "rev": "b44b804bcf3f93f35b6facbe7f31efdaf2f9b44b",
        "revCount": 57443,
        "submodules": true,
        "type": "git",
        "url": "https://github.com/ArduPilot/ardupilot"
      },
      "original": {
        "ref": "refs/tags/ArduCopter-beta",
        "submodules": true,
        "type": "git",
        "url": "https://github.com/ArduPilot/ardupilot"
      }
    },
    "arducopter-stable": {
      "flake": false,
      "locked": {
        "lastModified": 1699927884,
        "narHash": "sha256-fjX1oh0jGFauTmzuUe5iuSuK+06wsjFQYl8t0hTLNbY=",
        "ref": "refs/tags/ArduCopter-stable",
        "rev": "b44b804bcf3f93f35b6facbe7f31efdaf2f9b44b",
        "revCount": 57443,
        "submodules": true,
        "type": "git",
        "url": "https://github.com/ArduPilot/ardupilot"
      },
      "original": {
        "ref": "refs/tags/ArduCopter-stable",
        "submodules": true,
        "type": "git",
        "url": "https://github.com/ArduPilot/ardupilot"
      }
    },
    "arduplane-beta": {
      "flake": false,
      "locked": {
        "lastModified": 1699926555,
        "narHash": "sha256-Z2qZVrBA5pUQngpr1ntAXGNQTIgjY1ueQ6dytXPI9wo=",
        "ref": "refs/tags/ArduPlane-beta",
        "rev": "8305ba60090b333468c5d9463ae9c54f91dece15",
        "revCount": 57439,
        "submodules": true,
        "type": "git",
        "url": "https://github.com/ArduPilot/ardupilot"
      },
      "original": {
        "ref": "refs/tags/ArduPlane-beta",
        "submodules": true,
        "type": "git",
        "url": "https://github.com/ArduPilot/ardupilot"
      }
    },
    "arduplane-masters-thesis": {
      "flake": false,
      "locked": {
        "lastModified": 1689042098,
        "narHash": "sha256-sd5GXFSwo6XF4VdyKQCHlUDEpX82Bc2JZ7t2+oTC/1U=",
        "ref": "refs/heads/masters-thesis",
        "rev": "70a2891a77bbf55302fcb49412caad15bcf4acf6",
        "revCount": 55180,
        "submodules": true,
        "type": "git",
        "url": "https://github.com/lopsided98/ardupilot"
      },
      "original": {
        "ref": "refs/heads/masters-thesis",
        "submodules": true,
        "type": "git",
        "url": "https://github.com/lopsided98/ardupilot"
      }
    },
    "arduplane-stable": {
      "flake": false,
      "locked": {
        "lastModified": 1699926555,
        "narHash": "sha256-Z2qZVrBA5pUQngpr1ntAXGNQTIgjY1ueQ6dytXPI9wo=",
        "ref": "refs/tags/ArduPlane-stable",
        "rev": "8305ba60090b333468c5d9463ae9c54f91dece15",
        "revCount": 57439,
        "submodules": true,
        "type": "git",
        "url": "https://github.com/ArduPilot/ardupilot"
      },
      "original": {
        "ref": "refs/tags/ArduPlane-stable",
        "submodules": true,
        "type": "git",
        "url": "https://github.com/ArduPilot/ardupilot"
      }
    },
    "flake-utils": {
      "inputs": {
        "systems": "systems"
      },
      "locked": {
        "lastModified": 1694529238,
        "narHash": "sha256-zsNZZGTGnMOf9YpHKJqMSsa0dXbfmxeoJ7xHlrt+xmY=",
        "owner": "numtide",
        "repo": "flake-utils",
        "rev": "ff7b65b44d01cf9ba6a71320833626af21126384",
        "type": "github"
      },
      "original": {
        "owner": "numtide",
        "repo": "flake-utils",
        "type": "github"
      }
    },
    "nixpkgs": {
      "locked": {
        "lastModified": 1701336116,
        "narHash": "sha256-kEmpezCR/FpITc6yMbAh4WrOCiT2zg5pSjnKrq51h5Y=",
        "owner": "NixOS",
        "repo": "nixpkgs",
        "rev": "f5c27c6136db4d76c30e533c20517df6864c46ee",
        "type": "github"
      },
      "original": {
        "owner": "NixOS",
        "ref": "nixpkgs-unstable",
        "repo": "nixpkgs",
        "type": "github"
      }
    },
    "root": {
      "inputs": {
        "arducopter-bebop": "arducopter-bebop",
        "arducopter-beta": "arducopter-beta",
        "arducopter-stable": "arducopter-stable",
        "arduplane-beta": "arduplane-beta",
        "arduplane-masters-thesis": "arduplane-masters-thesis",
        "arduplane-stable": "arduplane-stable",
        "flake-utils": "flake-utils",
        "nixpkgs": "nixpkgs"
      }
    },
    "systems": {
      "locked": {
        "lastModified": 1681028828,
        "narHash": "sha256-Vy1rq5AaRuLzOxct8nz4T6wlgyUR7zLU309k9mBC768=",
        "owner": "nix-systems",
        "repo": "default",
        "rev": "da67096a3b9bf56a91d16901293e51ba5b49a27e",
        "type": "github"
      },
      "original": {
        "owner": "nix-systems",
        "repo": "default",
        "type": "github"
      }
    }
  },
  "root": "root",
  "version": 7
}
