{
  "nodes": {
    "arducopter-bebop": {
      "flake": false,
      "locked": {
        "lastModified": 1695590313,
        "narHash": "sha256-LP8tMPr+dBLIwbjBnrSk23kpWlYLTczx3wi4NU6rhvk=",
        "ref": "refs/heads/parrot-bebop",
        "rev": "f498c0abc2468495c022085c79e461d75a5e2f9d",
        "revCount": 57284,
        "submodules": true,
        "type": "git",
        "url": "https://github.com/lopsided98/ardupilot"
      },
      "original": {
        "ref": "refs/heads/parrot-bebop",
        "submodules": true,
        "type": "git",
        "url": "https://github.com/lopsided98/ardupilot"
      }
    },
    "arducopter-beta": {
      "flake": false,
      "locked": {
        "lastModified": 1716869035,
        "narHash": "sha256-b7qAHWw2ves7WcVloIJa/24eEHHra3pnVgNK0ZQyZj0=",
        "ref": "refs/tags/ArduCopter-beta",
        "rev": "ee14ff3822161368ec403700bf96d02b84def06c",
        "revCount": 62137,
        "submodules": true,
        "type": "git",
        "url": "https://github.com/ArduPilot/ardupilot"
      },
      "original": {
        "ref": "refs/tags/ArduCopter-beta",
        "submodules": true,
        "type": "git",
        "url": "https://github.com/ArduPilot/ardupilot"
      }
    },
    "arducopter-stable": {
      "flake": false,
      "locked": {
        "lastModified": 1716869035,
        "narHash": "sha256-b7qAHWw2ves7WcVloIJa/24eEHHra3pnVgNK0ZQyZj0=",
        "ref": "refs/tags/ArduCopter-stable",
        "rev": "ee14ff3822161368ec403700bf96d02b84def06c",
        "revCount": 62137,
        "submodules": true,
        "type": "git",
        "url": "https://github.com/ArduPilot/ardupilot"
      },
      "original": {
        "ref": "refs/tags/ArduCopter-stable",
        "submodules": true,
        "type": "git",
        "url": "https://github.com/ArduPilot/ardupilot"
      }
    },
    "arduplane-beta": {
      "flake": false,
      "locked": {
        "lastModified": 1716869126,
        "narHash": "sha256-+4UAxYeesW8mopGw7ZU44bxeBtZkq/ks6E1vfNRrDPM=",
        "ref": "refs/tags/ArduPlane-beta",
        "rev": "6cedbcb0e5fc14a99742a50a37117ac537be4fe8",
        "revCount": 62136,
        "submodules": true,
        "type": "git",
        "url": "https://github.com/ArduPilot/ardupilot"
      },
      "original": {
        "ref": "refs/tags/ArduPlane-beta",
        "submodules": true,
        "type": "git",
        "url": "https://github.com/ArduPilot/ardupilot"
      }
    },
    "arduplane-masters-thesis": {
      "flake": false,
      "locked": {
        "lastModified": 1689042098,
        "narHash": "sha256-sd5GXFSwo6XF4VdyKQCHlUDEpX82Bc2JZ7t2+oTC/1U=",
        "ref": "refs/heads/masters-thesis",
        "rev": "70a2891a77bbf55302fcb49412caad15bcf4acf6",
        "revCount": 55180,
        "submodules": true,
        "type": "git",
        "url": "https://github.com/lopsided98/ardupilot"
      },
      "original": {
        "ref": "refs/heads/masters-thesis",
        "submodules": true,
        "type": "git",
        "url": "https://github.com/lopsided98/ardupilot"
      }
    },
    "arduplane-stable": {
      "flake": false,
      "locked": {
        "lastModified": 1716869126,
        "narHash": "sha256-+4UAxYeesW8mopGw7ZU44bxeBtZkq/ks6E1vfNRrDPM=",
        "ref": "refs/tags/ArduPlane-stable",
        "rev": "6cedbcb0e5fc14a99742a50a37117ac537be4fe8",
        "revCount": 62136,
        "submodules": true,
        "type": "git",
        "url": "https://github.com/ArduPilot/ardupilot"
      },
      "original": {
        "ref": "refs/tags/ArduPlane-stable",
        "submodules": true,
        "type": "git",
        "url": "https://github.com/ArduPilot/ardupilot"
      }
    },
    "flake-utils": {
      "inputs": {
        "systems": "systems"
      },
      "locked": {
        "lastModified": 1710146030,
        "narHash": "sha256-SZ5L6eA7HJ/nmkzGG7/ISclqe6oZdOZTNoesiInkXPQ=",
        "owner": "numtide",
        "repo": "flake-utils",
        "rev": "b1d9ab70662946ef0850d488da1c9019f3a9752a",
        "type": "github"
      },
      "original": {
        "owner": "numtide",
        "repo": "flake-utils",
        "type": "github"
      }
    },
    "nixpkgs": {
      "locked": {
        "lastModified": 1717893485,
        "narHash": "sha256-WMU6ZRZrBgEUDIF0siu2aIyVAXcxfElSwzZtS/mSpN4=",
        "owner": "NixOS",
        "repo": "nixpkgs",
        "rev": "3bcedce9f4de37570242faf16e1e143583407eab",
        "type": "github"
      },
      "original": {
        "owner": "NixOS",
        "ref": "nixpkgs-unstable",
        "repo": "nixpkgs",
        "type": "github"
      }
    },
    "root": {
      "inputs": {
        "arducopter-bebop": "arducopter-bebop",
        "arducopter-beta": "arducopter-beta",
        "arducopter-stable": "arducopter-stable",
        "arduplane-beta": "arduplane-beta",
        "arduplane-masters-thesis": "arduplane-masters-thesis",
        "arduplane-stable": "arduplane-stable",
        "flake-utils": "flake-utils",
        "nixpkgs": "nixpkgs"
      }
    },
    "systems": {
      "locked": {
        "lastModified": 1681028828,
        "narHash": "sha256-Vy1rq5AaRuLzOxct8nz4T6wlgyUR7zLU309k9mBC768=",
        "owner": "nix-systems",
        "repo": "default",
        "rev": "da67096a3b9bf56a91d16901293e51ba5b49a27e",
        "type": "github"
      },
      "original": {
        "owner": "nix-systems",
        "repo": "default",
        "type": "github"
      }
    }
  },
  "root": "root",
  "version": 7
}
